
Microsoft Visual Studio Solution File, Format Version 12.00
# Visual Studio Version 17
VisualStudioVersion = 17.4.33213.308
MinimumVisualStudioVersion = 10.0.40219.1
Project("{9A19103F-16F7-4668-BE54-9A1E7A4F7556}") = "Uni", "src\Uni\Uni.csproj", "{BF44B4B3-721B-459C-9F64-3A2F41EFC83A}"
EndProject
Global
	GlobalSection(SolutionConfigurationPlatforms) = preSolution
		Debug|Any CPU = Debug|Any CPU
		Release|Any CPU = Release|Any CPU
	EndGlobalSection
	GlobalSection(ProjectConfigurationPlatforms) = postSolution
		{BF44B4B3-721B-459C-9F64-3A2F41EFC83A}.Debug|Any CPU.ActiveCfg = Debug|Any CPU
		{BF44B4B3-721B-459C-9F64-3A2F41EFC83A}.Debug|Any CPU.Build.0 = Debug|Any CPU
		{BF44B4B3-721B-459C-9F64-3A2F41EFC83A}.Release|Any CPU.ActiveCfg = Release|Any CPU
		{BF44B4B3-721B-459C-9F64-3A2F41EFC83A}.Release|Any CPU.Build.0 = Release|Any CPU
	EndGlobalSection
	GlobalSection(SolutionProperties) = preSolution
		HideSolutionNode = FALSE
	EndGlobalSection
	GlobalSection(ExtensibilityGlobals) = postSolution
		SolutionGuid = {74C0F9DA-FF4F-402B-9316-1584042039AA}
	EndGlobalSection
EndGlobal
